
Microsoft Visual Studio Solution File, Format Version 12.00
# Visual Studio Version 17
VisualStudioVersion = 17.12.35527.113
MinimumVisualStudioVersion = 10.0.40219.1
Project("{FAE04EC0-301F-11D3-BF4B-00C04F79EFBC}") = "Usuario", "Usuario\Usuario.csproj", "{F03C3FA4-33B0-4AE8-B11A-281809392B26}"
EndProject
Project("{FAE04EC0-301F-11D3-BF4B-00C04F79EFBC}") = "Usuario.Negocio", "Usuario.Negocio\Usuario.Negocio.csproj", "{BD3A9DFB-5C10-497B-983D-15D742873AFB}"
EndProject
Project("{FAE04EC0-301F-11D3-BF4B-00C04F79EFBC}") = "Usuario.Dados", "Usuario.Dados\Usuario.Dados.csproj", "{E5A2B98A-8F9D-4FDC-A395-950727CAE50D}"
EndProject
Project("{FAE04EC0-301F-11D3-BF4B-00C04F79EFBC}") = "Usuario.Entity", "Usuario.Entity\Usuario.Entity.csproj", "{5F998520-6E66-4E75-B508-34000E9E23E0}"
EndProject
Project("{FAE04EC0-301F-11D3-BF4B-00C04F79EFBC}") = "TestesUnitarios", "TestesUnitarios\TestesUnitarios.csproj", "{B4D8E8B0-12D1-4B3E-93B7-8B7F8F799264}"
EndProject
Global
	GlobalSection(SolutionConfigurationPlatforms) = preSolution
		Debug|Any CPU = Debug|Any CPU
		Release|Any CPU = Release|Any CPU
	EndGlobalSection
	GlobalSection(ProjectConfigurationPlatforms) = postSolution
		{F03C3FA4-33B0-4AE8-B11A-281809392B26}.Debug|Any CPU.ActiveCfg = Debug|Any CPU
		{F03C3FA4-33B0-4AE8-B11A-281809392B26}.Debug|Any CPU.Build.0 = Debug|Any CPU
		{F03C3FA4-33B0-4AE8-B11A-281809392B26}.Release|Any CPU.ActiveCfg = Release|Any CPU
		{F03C3FA4-33B0-4AE8-B11A-281809392B26}.Release|Any CPU.Build.0 = Release|Any CPU
		{BD3A9DFB-5C10-497B-983D-15D742873AFB}.Debug|Any CPU.ActiveCfg = Debug|Any CPU
		{BD3A9DFB-5C10-497B-983D-15D742873AFB}.Debug|Any CPU.Build.0 = Debug|Any CPU
		{BD3A9DFB-5C10-497B-983D-15D742873AFB}.Release|Any CPU.ActiveCfg = Release|Any CPU
		{BD3A9DFB-5C10-497B-983D-15D742873AFB}.Release|Any CPU.Build.0 = Release|Any CPU
		{E5A2B98A-8F9D-4FDC-A395-950727CAE50D}.Debug|Any CPU.ActiveCfg = Debug|Any CPU
		{E5A2B98A-8F9D-4FDC-A395-950727CAE50D}.Debug|Any CPU.Build.0 = Debug|Any CPU
		{E5A2B98A-8F9D-4FDC-A395-950727CAE50D}.Release|Any CPU.ActiveCfg = Release|Any CPU
		{E5A2B98A-8F9D-4FDC-A395-950727CAE50D}.Release|Any CPU.Build.0 = Release|Any CPU
		{5F998520-6E66-4E75-B508-34000E9E23E0}.Debug|Any CPU.ActiveCfg = Debug|Any CPU
		{5F998520-6E66-4E75-B508-34000E9E23E0}.Debug|Any CPU.Build.0 = Debug|Any CPU
		{5F998520-6E66-4E75-B508-34000E9E23E0}.Release|Any CPU.ActiveCfg = Release|Any CPU
		{5F998520-6E66-4E75-B508-34000E9E23E0}.Release|Any CPU.Build.0 = Release|Any CPU
		{B4D8E8B0-12D1-4B3E-93B7-8B7F8F799264}.Debug|Any CPU.ActiveCfg = Debug|Any CPU
		{B4D8E8B0-12D1-4B3E-93B7-8B7F8F799264}.Debug|Any CPU.Build.0 = Debug|Any CPU
		{B4D8E8B0-12D1-4B3E-93B7-8B7F8F799264}.Release|Any CPU.ActiveCfg = Release|Any CPU
		{B4D8E8B0-12D1-4B3E-93B7-8B7F8F799264}.Release|Any CPU.Build.0 = Release|Any CPU
	EndGlobalSection
	GlobalSection(SolutionProperties) = preSolution
		HideSolutionNode = FALSE
	EndGlobalSection
EndGlobal
